
Microsoft Visual Studio Solution File, Format Version 12.00
# Visual Studio Version 17
VisualStudioVersion = 17.7.34202.233
MinimumVisualStudioVersion = 10.0.40219.1
Project("{FAE04EC0-301F-11D3-BF4B-00C04F79EFBC}") = "SqlTriggeFunctionAppTryUsingYoutubeVideo", "SqlTriggeFunctionAppTryUsingYoutubeVideo.csproj", "{AB643665-3AF7-4CB8-BF28-8903FEC55111}"
EndProject
Global
	GlobalSection(SolutionConfigurationPlatforms) = preSolution
		Debug|Any CPU = Debug|Any CPU
		Release|Any CPU = Release|Any CPU
	EndGlobalSection
	GlobalSection(ProjectConfigurationPlatforms) = postSolution
		{AB643665-3AF7-4CB8-BF28-8903FEC55111}.Debug|Any CPU.ActiveCfg = Debug|Any CPU
		{AB643665-3AF7-4CB8-BF28-8903FEC55111}.Debug|Any CPU.Build.0 = Debug|Any CPU
		{AB643665-3AF7-4CB8-BF28-8903FEC55111}.Release|Any CPU.ActiveCfg = Release|Any CPU
		{AB643665-3AF7-4CB8-BF28-8903FEC55111}.Release|Any CPU.Build.0 = Release|Any CPU
	EndGlobalSection
	GlobalSection(SolutionProperties) = preSolution
		HideSolutionNode = FALSE
	EndGlobalSection
	GlobalSection(ExtensibilityGlobals) = postSolution
		SolutionGuid = {FA1565FC-6D26-4F9C-BAEB-9793BA6BFACE}
	EndGlobalSection
EndGlobal
