
Microsoft Visual Studio Solution File, Format Version 12.00
# Visual Studio Version 17
VisualStudioVersion = 17.7.34221.43
MinimumVisualStudioVersion = 10.0.40219.1
Project("{FAE04EC0-301F-11D3-BF4B-00C04F79EFBC}") = "FunctionApp1", "FunctionApp1.csproj", "{785E43CD-779A-4F27-A294-A6DD08A719C4}"
EndProject
Global
	GlobalSection(SolutionConfigurationPlatforms) = preSolution
		Debug|Any CPU = Debug|Any CPU
		Release|Any CPU = Release|Any CPU
	EndGlobalSection
	GlobalSection(ProjectConfigurationPlatforms) = postSolution
		{785E43CD-779A-4F27-A294-A6DD08A719C4}.Debug|Any CPU.ActiveCfg = Debug|Any CPU
		{785E43CD-779A-4F27-A294-A6DD08A719C4}.Debug|Any CPU.Build.0 = Debug|Any CPU
		{785E43CD-779A-4F27-A294-A6DD08A719C4}.Release|Any CPU.ActiveCfg = Release|Any CPU
		{785E43CD-779A-4F27-A294-A6DD08A719C4}.Release|Any CPU.Build.0 = Release|Any CPU
	EndGlobalSection
	GlobalSection(SolutionProperties) = preSolution
		HideSolutionNode = FALSE
	EndGlobalSection
	GlobalSection(ExtensibilityGlobals) = postSolution
		SolutionGuid = {390BB144-D9BE-45A3-A774-6A1B00F0BEF1}
	EndGlobalSection
EndGlobal
