
Microsoft Visual Studio Solution File, Format Version 12.00
# Visual Studio Version 17
VisualStudioVersion = 17.5.002.0
MinimumVisualStudioVersion = 10.0.40219.1
Project("{2150E333-8FDC-42A3-9474-1A3956D46DE8}") = "Build web apps with Blazor", "Build web apps with Blazor", "{83B7A13E-2E6D-4C69-8434-03382D65E76F}"
EndProject
Project("{9A19103F-16F7-4668-BE54-9A1E7A4F7556}") = "unit 3 Exercise - Create and run a Blazor web app", "Build web apps with Blazor\unit 3 Exercise - Create and run a Blazor web app\unit 3 Exercise - Create and run a Blazor web app.csproj", "{E2F8307A-DFE1-419E-B3AC-55A5FE7488D0}"
EndProject
Project("{2150E333-8FDC-42A3-9474-1A3956D46DE8}") = "unit 4 Razor components", "unit 4 Razor components", "{826E8CCF-022C-478A-A3C8-4A7A256301C2}"
EndProject
Project("{9A19103F-16F7-4668-BE54-9A1E7A4F7556}") = "BlazorApp", "Build web apps with Blazor\unit 4 Razor components\BlazorApp\BlazorApp.csproj", "{9888CE03-23BF-4990-9991-8823C9639B1B}"
EndProject
Project("{2150E333-8FDC-42A3-9474-1A3956D46DE8}") = "unit 5 Excercise - Add a component", "unit 5 Excercise - Add a component", "{96647D35-F038-4427-A063-27F17E59E96F}"
EndProject
Project("{9A19103F-16F7-4668-BE54-9A1E7A4F7556}") = "BlazorApp1", "Build web apps with Blazor\unit 5 Excercise - Add a component\BlazorApp1\BlazorApp1.csproj", "{2B49AE60-C5F1-49EC-914D-61DA3A49FF8C}"
EndProject
Global
	GlobalSection(SolutionConfigurationPlatforms) = preSolution
		Debug|Any CPU = Debug|Any CPU
		Release|Any CPU = Release|Any CPU
	EndGlobalSection
	GlobalSection(ProjectConfigurationPlatforms) = postSolution
		{E2F8307A-DFE1-419E-B3AC-55A5FE7488D0}.Debug|Any CPU.ActiveCfg = Debug|Any CPU
		{E2F8307A-DFE1-419E-B3AC-55A5FE7488D0}.Debug|Any CPU.Build.0 = Debug|Any CPU
		{E2F8307A-DFE1-419E-B3AC-55A5FE7488D0}.Release|Any CPU.ActiveCfg = Release|Any CPU
		{E2F8307A-DFE1-419E-B3AC-55A5FE7488D0}.Release|Any CPU.Build.0 = Release|Any CPU
		{9888CE03-23BF-4990-9991-8823C9639B1B}.Debug|Any CPU.ActiveCfg = Debug|Any CPU
		{9888CE03-23BF-4990-9991-8823C9639B1B}.Debug|Any CPU.Build.0 = Debug|Any CPU
		{9888CE03-23BF-4990-9991-8823C9639B1B}.Release|Any CPU.ActiveCfg = Release|Any CPU
		{9888CE03-23BF-4990-9991-8823C9639B1B}.Release|Any CPU.Build.0 = Release|Any CPU
		{2B49AE60-C5F1-49EC-914D-61DA3A49FF8C}.Debug|Any CPU.ActiveCfg = Debug|Any CPU
		{2B49AE60-C5F1-49EC-914D-61DA3A49FF8C}.Debug|Any CPU.Build.0 = Debug|Any CPU
		{2B49AE60-C5F1-49EC-914D-61DA3A49FF8C}.Release|Any CPU.ActiveCfg = Release|Any CPU
		{2B49AE60-C5F1-49EC-914D-61DA3A49FF8C}.Release|Any CPU.Build.0 = Release|Any CPU
	EndGlobalSection
	GlobalSection(SolutionProperties) = preSolution
		HideSolutionNode = FALSE
	EndGlobalSection
	GlobalSection(NestedProjects) = preSolution
		{E2F8307A-DFE1-419E-B3AC-55A5FE7488D0} = {83B7A13E-2E6D-4C69-8434-03382D65E76F}
		{826E8CCF-022C-478A-A3C8-4A7A256301C2} = {83B7A13E-2E6D-4C69-8434-03382D65E76F}
		{9888CE03-23BF-4990-9991-8823C9639B1B} = {826E8CCF-022C-478A-A3C8-4A7A256301C2}
		{96647D35-F038-4427-A063-27F17E59E96F} = {83B7A13E-2E6D-4C69-8434-03382D65E76F}
		{2B49AE60-C5F1-49EC-914D-61DA3A49FF8C} = {96647D35-F038-4427-A063-27F17E59E96F}
	EndGlobalSection
	GlobalSection(ExtensibilityGlobals) = postSolution
		SolutionGuid = {ADEFF734-9C3C-485C-9D18-E3E9CC2589FF}
	EndGlobalSection
EndGlobal
