
Microsoft Visual Studio Solution File, Format Version 12.00
# Visual Studio Version 17
VisualStudioVersion = 17.9.34607.119
MinimumVisualStudioVersion = 10.0.40219.1
Project("{FAE04EC0-301F-11D3-BF4B-00C04F79EFBC}") = "blobtriggerfunctionapp", "blobtriggerfunctionapp.csproj", "{2117C53F-F3CD-4BB2-A5B2-2D91F1BC0548}"
EndProject
Global
	GlobalSection(SolutionConfigurationPlatforms) = preSolution
		Debug|Any CPU = Debug|Any CPU
		Release|Any CPU = Release|Any CPU
	EndGlobalSection
	GlobalSection(ProjectConfigurationPlatforms) = postSolution
		{2117C53F-F3CD-4BB2-A5B2-2D91F1BC0548}.Debug|Any CPU.ActiveCfg = Debug|Any CPU
		{2117C53F-F3CD-4BB2-A5B2-2D91F1BC0548}.Debug|Any CPU.Build.0 = Debug|Any CPU
		{2117C53F-F3CD-4BB2-A5B2-2D91F1BC0548}.Release|Any CPU.ActiveCfg = Release|Any CPU
		{2117C53F-F3CD-4BB2-A5B2-2D91F1BC0548}.Release|Any CPU.Build.0 = Release|Any CPU
	EndGlobalSection
	GlobalSection(SolutionProperties) = preSolution
		HideSolutionNode = FALSE
	EndGlobalSection
	GlobalSection(ExtensibilityGlobals) = postSolution
		SolutionGuid = {28BB983E-D772-4084-8D43-3843ECEAA2D3}
	EndGlobalSection
EndGlobal
