
Microsoft Visual Studio Solution File, Format Version 12.00
# Visual Studio Version 17
VisualStudioVersion = 17.7.34202.233
MinimumVisualStudioVersion = 10.0.40219.1
Project("{FAE04EC0-301F-11D3-BF4B-00C04F79EFBC}") = "CosmosDBFunctionDemo1", "CosmosDBFunctionDemo1.csproj", "{38747BC1-D5E3-4169-AA3F-5F6F7639A0A6}"
EndProject
Global
	GlobalSection(SolutionConfigurationPlatforms) = preSolution
		Debug|Any CPU = Debug|Any CPU
		Release|Any CPU = Release|Any CPU
	EndGlobalSection
	GlobalSection(ProjectConfigurationPlatforms) = postSolution
		{38747BC1-D5E3-4169-AA3F-5F6F7639A0A6}.Debug|Any CPU.ActiveCfg = Debug|Any CPU
		{38747BC1-D5E3-4169-AA3F-5F6F7639A0A6}.Debug|Any CPU.Build.0 = Debug|Any CPU
		{38747BC1-D5E3-4169-AA3F-5F6F7639A0A6}.Release|Any CPU.ActiveCfg = Release|Any CPU
		{38747BC1-D5E3-4169-AA3F-5F6F7639A0A6}.Release|Any CPU.Build.0 = Release|Any CPU
	EndGlobalSection
	GlobalSection(SolutionProperties) = preSolution
		HideSolutionNode = FALSE
	EndGlobalSection
	GlobalSection(ExtensibilityGlobals) = postSolution
		SolutionGuid = {03ABC65B-2428-4EF8-9D03-B9AFBA97F45B}
	EndGlobalSection
EndGlobal
