
Microsoft Visual Studio Solution File, Format Version 12.00
# Visual Studio Version 17
VisualStudioVersion = 17.7.34202.233
MinimumVisualStudioVersion = 10.0.40219.1
Project("{FAE04EC0-301F-11D3-BF4B-00C04F79EFBC}") = "BlobTriggerFunctionAppDemo2", "BlobTriggerFunctionAppDemo2.csproj", "{4E8C4AE5-51F0-46AB-AD07-6AB8034B017F}"
EndProject
Global
	GlobalSection(SolutionConfigurationPlatforms) = preSolution
		Debug|Any CPU = Debug|Any CPU
		Release|Any CPU = Release|Any CPU
	EndGlobalSection
	GlobalSection(ProjectConfigurationPlatforms) = postSolution
		{4E8C4AE5-51F0-46AB-AD07-6AB8034B017F}.Debug|Any CPU.ActiveCfg = Debug|Any CPU
		{4E8C4AE5-51F0-46AB-AD07-6AB8034B017F}.Debug|Any CPU.Build.0 = Debug|Any CPU
		{4E8C4AE5-51F0-46AB-AD07-6AB8034B017F}.Release|Any CPU.ActiveCfg = Release|Any CPU
		{4E8C4AE5-51F0-46AB-AD07-6AB8034B017F}.Release|Any CPU.Build.0 = Release|Any CPU
	EndGlobalSection
	GlobalSection(SolutionProperties) = preSolution
		HideSolutionNode = FALSE
	EndGlobalSection
	GlobalSection(ExtensibilityGlobals) = postSolution
		SolutionGuid = {BFCC8F35-E913-4DCA-A9F5-C776955DBEE9}
	EndGlobalSection
EndGlobal
