
Microsoft Visual Studio Solution File, Format Version 12.00
# Visual Studio Version 17
VisualStudioVersion = 17.7.34221.43
MinimumVisualStudioVersion = 10.0.40219.1
Project("{FAE04EC0-301F-11D3-BF4B-00C04F79EFBC}") = "signalrDemoFunctionApp", "signalrDemoFunctionApp.csproj", "{92D48FB5-1317-467F-A49B-F22104918168}"
EndProject
Global
	GlobalSection(SolutionConfigurationPlatforms) = preSolution
		Debug|Any CPU = Debug|Any CPU
		Release|Any CPU = Release|Any CPU
	EndGlobalSection
	GlobalSection(ProjectConfigurationPlatforms) = postSolution
		{92D48FB5-1317-467F-A49B-F22104918168}.Debug|Any CPU.ActiveCfg = Debug|Any CPU
		{92D48FB5-1317-467F-A49B-F22104918168}.Debug|Any CPU.Build.0 = Debug|Any CPU
		{92D48FB5-1317-467F-A49B-F22104918168}.Release|Any CPU.ActiveCfg = Release|Any CPU
		{92D48FB5-1317-467F-A49B-F22104918168}.Release|Any CPU.Build.0 = Release|Any CPU
	EndGlobalSection
	GlobalSection(SolutionProperties) = preSolution
		HideSolutionNode = FALSE
	EndGlobalSection
	GlobalSection(ExtensibilityGlobals) = postSolution
		SolutionGuid = {19FEA3C0-1E36-4570-9731-55255190903D}
	EndGlobalSection
EndGlobal
